// !$*UTF8*$!
{
	archiveVersion = 1;
	classes = {
	};
	objectVersion = 50;
	objects = {

/* Begin PBXBuildFile section */
		CF09A92A20F5D67D007879BC /* AppDelegate.m in Sources */ = {isa = PBXBuildFile; fileRef = CF09A92920F5D67D007879BC /* AppDelegate.m */; };
		CF09A92D20F5D67D007879BC /* ViewController.m in Sources */ = {isa = PBXBuildFile; fileRef = CF09A92C20F5D67D007879BC /* ViewController.m */; };
		CF09A93020F5D67D007879BC /* Main.storyboard in Resources */ = {isa = PBXBuildFile; fileRef = CF09A92E20F5D67D007879BC /* Main.storyboard */; };
		CF09A93220F5D680007879BC /* Assets.xcassets in Resources */ = {isa = PBXBuildFile; fileRef = CF09A93120F5D680007879BC /* Assets.xcassets */; };
		CF09A93520F5D680007879BC /* LaunchScreen.storyboard in Resources */ = {isa = PBXBuildFile; fileRef = CF09A93320F5D680007879BC /* LaunchScreen.storyboard */; };
		CF09A93820F5D680007879BC /* main.m in Sources */ = {isa = PBXBuildFile; fileRef = CF09A93720F5D680007879BC /* main.m */; };
		CF09A94220F5D680007879BC /* GestureLockTests.m in Sources */ = {isa = PBXBuildFile; fileRef = CF09A94120F5D680007879BC /* GestureLockTests.m */; };
		CF09A94D20F5D680007879BC /* GestureLockUITests.m in Sources */ = {isa = PBXBuildFile; fileRef = CF09A94C20F5D680007879BC /* GestureLockUITests.m */; };
		CF09A95C20F5D724007879BC /* Bntview.m in Sources */ = {isa = PBXBuildFile; fileRef = CF09A95B20F5D724007879BC /* Bntview.m */; };
/* End PBXBuildFile section */

/* Begin PBXContainerItemProxy section */
		CF09A93E20F5D680007879BC /* PBXContainerItemProxy */ = {
			isa = PBXContainerItemProxy;
			containerPortal = CF09A91D20F5D67C007879BC /* Project object */;
			proxyType = 1;
			remoteGlobalIDString = CF09A92420F5D67C007879BC;
			remoteInfo = GestureLock;
		};
		CF09A94920F5D680007879BC /* PBXContainerItemProxy */ = {
			isa = PBXContainerItemProxy;
			containerPortal = CF09A91D20F5D67C007879BC /* Project object */;
			proxyType = 1;
			remoteGlobalIDString = CF09A92420F5D67C007879BC;
			remoteInfo = GestureLock;
		};
/* End PBXContainerItemProxy section */

/* Begin PBXFileReference section */
		CF09A92520F5D67C007879BC /* GestureLock.app */ = {isa = PBXFileReference; explicitFileType = wrapper.application; includeInIndex = 0; path = GestureLock.app; sourceTree = BUILT_PRODUCTS_DIR; };
		CF09A92820F5D67D007879BC /* AppDelegate.h */ = {isa = PBXFileReference; lastKnownFileType = sourcecode.c.h; path = AppDelegate.h; sourceTree = "<group>"; };
		CF09A92920F5D67D007879BC /* AppDelegate.m */ = {isa = PBXFileReference; lastKnownFileType = sourcecode.c.objc; path = AppDelegate.m; sourceTree = "<group>"; };
		CF09A92B20F5D67D007879BC /* ViewController.h */ = {isa = PBXFileReference; lastKnownFileType = sourcecode.c.h; path = ViewController.h; sourceTree = "<group>"; };
		CF09A92C20F5D67D007879BC /* ViewController.m */ = {isa = PBXFileReference; lastKnownFileType = sourcecode.c.objc; path = ViewController.m; sourceTree = "<group>"; };
		CF09A92F20F5D67D007879BC /* Base */ = {isa = PBXFileReference; lastKnownFileType = file.storyboard; name = Base; path = Base.lproj/Main.storyboard; sourceTree = "<group>"; };
		CF09A93120F5D680007879BC /* Assets.xcassets */ = {isa = PBXFileReference; lastKnownFileType = folder.assetcatalog; path = Assets.xcassets; sourceTree = "<group>"; };
		CF09A93420F5D680007879BC /* Base */ = {isa = PBXFileReference; lastKnownFileType = file.storyboard; name = Base; path = Base.lproj/LaunchScreen.storyboard; sourceTree = "<group>"; };
		CF09A93620F5D680007879BC /* Info.plist */ = {isa = PBXFileReference; lastKnownFileType = text.plist.xml; path = Info.plist; sourceTree = "<group>"; };
		CF09A93720F5D680007879BC /* main.m */ = {isa = PBXFileReference; lastKnownFileType = sourcecode.c.objc; path = main.m; sourceTree = "<group>"; };
		CF09A93D20F5D680007879BC /* GestureLockTests.xctest */ = {isa = PBXFileReference; explicitFileType = wrapper.cfbundle; includeInIndex = 0; path = GestureLockTests.xctest; sourceTree = BUILT_PRODUCTS_DIR; };
		CF09A94120F5D680007879BC /* GestureLockTests.m */ = {isa = PBXFileReference; lastKnownFileType = sourcecode.c.objc; path = GestureLockTests.m; sourceTree = "<group>"; };
		CF09A94320F5D680007879BC /* Info.plist */ = {isa = PBXFileReference; lastKnownFileType = text.plist.xml; path = Info.plist; sourceTree = "<group>"; };
		CF09A94820F5D680007879BC /* GestureLockUITests.xctest */ = {isa = PBXFileReference; explicitFileType = wrapper.cfbundle; includeInIndex = 0; path = GestureLockUITests.xctest; sourceTree = BUILT_PRODUCTS_DIR; };
		CF09A94C20F5D680007879BC /* GestureLockUITests.m */ = {isa = PBXFileReference; lastKnownFileType = sourcecode.c.objc; path = GestureLockUITests.m; sourceTree = "<group>"; };
		CF09A94E20F5D680007879BC /* Info.plist */ = {isa = PBXFileReference; lastKnownFileType = text.plist.xml; path = Info.plist; sourceTree = "<group>"; };
		CF09A95A20F5D724007879BC /* Bntview.h */ = {isa = PBXFileReference; lastKnownFileType = sourcecode.c.h; path = Bntview.h; sourceTree = "<group>"; };
		CF09A95B20F5D724007879BC /* Bntview.m */ = {isa = PBXFileReference; lastKnownFileType = sourcecode.c.objc; path = Bntview.m; sourceTree = "<group>"; };
/* End PBXFileReference section */

/* Begin PBXFrameworksBuildPhase section */
		CF09A92220F5D67C007879BC /* Frameworks */ = {
			isa = PBXFrameworksBuildPhase;
			buildActionMask = 2147483647;
			files = (
			);
			runOnlyForDeploymentPostprocessing = 0;
		};
		CF09A93A20F5D680007879BC /* Frameworks */ = {
			isa = PBXFrameworksBuildPhase;
			buildActionMask = 2147483647;
			files = (
			);
			runOnlyForDeploymentPostprocessing = 0;
		};
		CF09A94520F5D680007879BC /* Frameworks */ = {
			isa = PBXFrameworksBuildPhase;
			buildActionMask = 2147483647;
			files = (
			);
			runOnlyForDeploymentPostprocessing = 0;
		};
/* End PBXFrameworksBuildPhase section */

/* Begin PBXGroup section */
		CF09A91C20F5D67C007879BC = {
			isa = PBXGroup;
			children = (
				CF09A92720F5D67C007879BC /* GestureLock */,
				CF09A94020F5D680007879BC /* GestureLockTests */,
				CF09A94B20F5D680007879BC /* GestureLockUITests */,
				CF09A92620F5D67C007879BC /* Products */,
			);
			sourceTree = "<group>";
		};
		CF09A92620F5D67C007879BC /* Products */ = {
			isa = PBXGroup;
			children = (
				CF09A92520F5D67C007879BC /* GestureLock.app */,
				CF09A93D20F5D680007879BC /* GestureLockTests.xctest */,
				CF09A94820F5D680007879BC /* GestureLockUITests.xctest */,
			);
			name = Products;
			sourceTree = "<group>";
		};
		CF09A92720F5D67C007879BC /* GestureLock */ = {
			isa = PBXGroup;
			children = (
				CF09A92820F5D67D007879BC /* AppDelegate.h */,
				CF09A92920F5D67D007879BC /* AppDelegate.m */,
				CF09A92B20F5D67D007879BC /* ViewController.h */,
				CF09A92C20F5D67D007879BC /* ViewController.m */,
				CF09A95A20F5D724007879BC /* Bntview.h */,
				CF09A95B20F5D724007879BC /* Bntview.m */,
				CF09A92E20F5D67D007879BC /* Main.storyboard */,
				CF09A93120F5D680007879BC /* Assets.xcassets */,
				CF09A93320F5D680007879BC /* LaunchScreen.storyboard */,
				CF09A93620F5D680007879BC /* Info.plist */,
				CF09A93720F5D680007879BC /* main.m */,
			);
			path = GestureLock;
			sourceTree = "<group>";
		};
		CF09A94020F5D680007879BC /* GestureLockTests */ = {
			isa = PBXGroup;
			children = (
				CF09A94120F5D680007879BC /* GestureLockTests.m */,
				CF09A94320F5D680007879BC /* Info.plist */,
			);
			path = GestureLockTests;
			sourceTree = "<group>";
		};
		CF09A94B20F5D680007879BC /* GestureLockUITests */ = {
			isa = PBXGroup;
			children = (
				CF09A94C20F5D680007879BC /* GestureLockUITests.m */,
				CF09A94E20F5D680007879BC /* Info.plist */,
			);
			path = GestureLockUITests;
			sourceTree = "<group>";
		};
/* End PBXGroup section */

/* Begin PBXNativeTarget section */
		CF09A92420F5D67C007879BC /* GestureLock */ = {
			isa = PBXNativeTarget;
			buildConfigurationList = CF09A95120F5D680007879BC /* Build configuration list for PBXNativeTarget "GestureLock" */;
			buildPhases = (
				CF09A92120F5D67C007879BC /* Sources */,
				CF09A92220F5D67C007879BC /* Frameworks */,
				CF09A92320F5D67C007879BC /* Resources */,
			);
			buildRules = (
			);
			dependencies = (
			);
			name = GestureLock;
			productName = GestureLock;
			productReference = CF09A92520F5D67C007879BC /* GestureLock.app */;
			productType = "com.apple.product-type.application";
		};
		CF09A93C20F5D680007879BC /* GestureLockTests */ = {
			isa = PBXNativeTarget;
			buildConfigurationList = CF09A95420F5D680007879BC /* Build configuration list for PBXNativeTarget "GestureLockTests" */;
			buildPhases = (
				CF09A93920F5D680007879BC /* Sources */,
				CF09A93A20F5D680007879BC /* Frameworks */,
				CF09A93B20F5D680007879BC /* Resources */,
			);
			buildRules = (
			);
			dependencies = (
				CF09A93F20F5D680007879BC /* PBXTargetDependency */,
			);
			name = GestureLockTests;
			productName = GestureLockTests;
			productReference = CF09A93D20F5D680007879BC /* GestureLockTests.xctest */;
			productType = "com.apple.product-type.bundle.unit-test";
		};
		CF09A94720F5D680007879BC /* GestureLockUITests */ = {
			isa = PBXNativeTarget;
			buildConfigurationList = CF09A95720F5D680007879BC /* Build configuration list for PBXNativeTarget "GestureLockUITests" */;
			buildPhases = (
				CF09A94420F5D680007879BC /* Sources */,
				CF09A94520F5D680007879BC /* Frameworks */,
				CF09A94620F5D680007879BC /* Resources */,
			);
			buildRules = (
			);
			dependencies = (
				CF09A94A20F5D680007879BC /* PBXTargetDependency */,
			);
			name = GestureLockUITests;
			productName = GestureLockUITests;
			productReference = CF09A94820F5D680007879BC /* GestureLockUITests.xctest */;
			productType = "com.apple.product-type.bundle.ui-testing";
		};
/* End PBXNativeTarget section */

/* Begin PBXProject section */
		CF09A91D20F5D67C007879BC /* Project object */ = {
			isa = PBXProject;
			attributes = {
				LastUpgradeCheck = 0930;
				ORGANIZATIONNAME = Superman;
				TargetAttributes = {
					CF09A92420F5D67C007879BC = {
						CreatedOnToolsVersion = 9.3;
					};
					CF09A93C20F5D680007879BC = {
						CreatedOnToolsVersion = 9.3;
						TestTargetID = CF09A92420F5D67C007879BC;
					};
					CF09A94720F5D680007879BC = {
						CreatedOnToolsVersion = 9.3;
						TestTargetID = CF09A92420F5D67C007879BC;
					};
				};
			};
			buildConfigurationList = CF09A92020F5D67C007879BC /* Build configuration list for PBXProject "GestureLock" */;
			compatibilityVersion = "Xcode 9.3";
			developmentRegion = en;
			hasScannedForEncodings = 0;
			knownRegions = (
				en,
				Base,
			);
			mainGroup = CF09A91C20F5D67C007879BC;
			productRefGroup = CF09A92620F5D67C007879BC /* Products */;
			projectDirPath = "";
			projectRoot = "";
			targets = (
				CF09A92420F5D67C007879BC /* GestureLock */,
				CF09A93C20F5D680007879BC /* GestureLockTests */,
				CF09A94720F5D680007879BC /* GestureLockUITests */,
			);
		};
/* End PBXProject section */

/* Begin PBXResourcesBuildPhase section */
		CF09A92320F5D67C007879BC /* Resources */ = {
			isa = PBXResourcesBuildPhase;
			buildActionMask = 2147483647;
			files = (
				CF09A93520F5D680007879BC /* LaunchScreen.storyboard in Resources */,
				CF09A93220F5D680007879BC /* Assets.xcassets in Resources */,
				CF09A93020F5D67D007879BC /* Main.storyboard in Resources */,
			);
			runOnlyForDeploymentPostprocessing = 0;
		};
		CF09A93B20F5D680007879BC /* Resources */ = {
			isa = PBXResourcesBuildPhase;
			buildActionMask = 2147483647;
			files = (
			);
			runOnlyForDeploymentPostprocessing = 0;
		};
		CF09A94620F5D680007879BC /* Resources */ = {
			isa = PBXResourcesBuildPhase;
			buildActionMask = 2147483647;
			files = (
			);
			runOnlyForDeploymentPostprocessing = 0;
		};
/* End PBXResourcesBuildPhase section */

/* Begin PBXSourcesBuildPhase section */
		CF09A92120F5D67C007879BC /* Sources */ = {
			isa = PBXSourcesBuildPhase;
			buildActionMask = 2147483647;
			files = (
				CF09A92D20F5D67D007879BC /* ViewController.m in Sources */,
				CF09A93820F5D680007879BC /* main.m in Sources */,
				CF09A92A20F5D67D007879BC /* AppDelegate.m in Sources */,
				CF09A95C20F5D724007879BC /* Bntview.m in Sources */,
			);
			runOnlyForDeploymentPostprocessing = 0;
		};
		CF09A93920F5D680007879BC /* Sources */ = {
			isa = PBXSourcesBuildPhase;
			buildActionMask = 2147483647;
			files = (
				CF09A94220F5D680007879BC /* GestureLockTests.m in Sources */,
			);
			runOnlyForDeploymentPostprocessing = 0;
		};
		CF09A94420F5D680007879BC /* Sources */ = {
			isa = PBXSourcesBuildPhase;
			buildActionMask = 2147483647;
			files = (
				CF09A94D20F5D680007879BC /* GestureLockUITests.m in Sources */,
			);
			runOnlyForDeploymentPostprocessing = 0;
		};
/* End PBXSourcesBuildPhase section */

/* Begin PBXTargetDependency section */
		CF09A93F20F5D680007879BC /* PBXTargetDependency */ = {
			isa = PBXTargetDependency;
			target = CF09A92420F5D67C007879BC /* GestureLock */;
			targetProxy = CF09A93E20F5D680007879BC /* PBXContainerItemProxy */;
		};
		CF09A94A20F5D680007879BC /* PBXTargetDependency */ = {
			isa = PBXTargetDependency;
			target = CF09A92420F5D67C007879BC /* GestureLock */;
			targetProxy = CF09A94920F5D680007879BC /* PBXContainerItemProxy */;
		};
/* End PBXTargetDependency section */

/* Begin PBXVariantGroup section */
		CF09A92E20F5D67D007879BC /* Main.storyboard */ = {
			isa = PBXVariantGroup;
			children = (
				CF09A92F20F5D67D007879BC /* Base */,
			);
			name = Main.storyboard;
			sourceTree = "<group>";
		};
		CF09A93320F5D680007879BC /* LaunchScreen.storyboard */ = {
			isa = PBXVariantGroup;
			children = (
				CF09A93420F5D680007879BC /* Base */,
			);
			name = LaunchScreen.storyboard;
			sourceTree = "<group>";
		};
/* End PBXVariantGroup section */

/* Begin XCBuildConfiguration section */
		CF09A94F20F5D680007879BC /* Debug */ = {
			isa = XCBuildConfiguration;
			buildSettings = {
				ALWAYS_SEARCH_USER_PATHS = NO;
				CLANG_ANALYZER_NONNULL = YES;
				CLANG_ANALYZER_NUMBER_OBJECT_CONVERSION = YES_AGGRESSIVE;
				CLANG_CXX_LANGUAGE_STANDARD = "gnu++14";
				CLANG_CXX_LIBRARY = "libc++";
				CLANG_ENABLE_MODULES = YES;
				CLANG_ENABLE_OBJC_ARC = YES;
				CLANG_ENABLE_OBJC_WEAK = YES;
				CLANG_WARN_BLOCK_CAPTURE_AUTORELEASING = YES;
				CLANG_WARN_BOOL_CONVERSION = YES;
				CLANG_WARN_COMMA = YES;
				CLANG_WARN_CONSTANT_CONVERSION = YES;
				CLANG_WARN_DEPRECATED_OBJC_IMPLEMENTATIONS = YES;
				CLANG_WARN_DIRECT_OBJC_ISA_USAGE = YES_ERROR;
				CLANG_WARN_DOCUMENTATION_COMMENTS = YES;
				CLANG_WARN_EMPTY_BODY = YES;
				CLANG_WARN_ENUM_CONVERSION = YES;
				CLANG_WARN_INFINITE_RECURSION = YES;
				CLANG_WARN_INT_CONVERSION = YES;
				CLANG_WARN_NON_LITERAL_NULL_CONVERSION = YES;
				CLANG_WARN_OBJC_IMPLICIT_RETAIN_SELF = YES;
				CLANG_WARN_OBJC_LITERAL_CONVERSION = YES;
				CLANG_WARN_OBJC_ROOT_CLASS = YES_ERROR;
				CLANG_WARN_RANGE_LOOP_ANALYSIS = YES;
				CLANG_WARN_STRICT_PROTOTYPES = YES;
				CLANG_WARN_SUSPICIOUS_MOVE = YES;
				CLANG_WARN_UNGUARDED_AVAILABILITY = YES_AGGRESSIVE;
				CLANG_WARN_UNREACHABLE_CODE = YES;
				CLANG_WARN__DUPLICATE_METHOD_MATCH = YES;
				CODE_SIGN_IDENTITY = "iPhone Developer";
				COPY_PHASE_STRIP = NO;
				DEBUG_INFORMATION_FORMAT = dwarf;
				ENABLE_STRICT_OBJC_MSGSEND = YES;
				ENABLE_TESTABILITY = YES;
				GCC_C_LANGUAGE_STANDARD = gnu11;
				GCC_DYNAMIC_NO_PIC = NO;
				GCC_NO_COMMON_BLOCKS = YES;
				GCC_OPTIMIZATION_LEVEL = 0;
				GCC_PREPROCESSOR_DEFINITIONS = (
					"DEBUG=1",
					"$(inherited)",
				);
				GCC_WARN_64_TO_32_BIT_CONVERSION = YES;
				GCC_WARN_ABOUT_RETURN_TYPE = YES_ERROR;
				GCC_WARN_UNDECLARED_SELECTOR = YES;
				GCC_WARN_UNINITIALIZED_AUTOS = YES_AGGRESSIVE;
				GCC_WARN_UNUSED_FUNCTION = YES;
				GCC_WARN_UNUSED_VARIABLE = YES;
				IPHONEOS_DEPLOYMENT_TARGET = 11.3;
				MTL_ENABLE_DEBUG_INFO = YES;
				ONLY_ACTIVE_ARCH = YES;
				SDKROOT = iphoneos;
			};
			name = Debug;
		};
		CF09A95020F5D680007879BC /* Release */ = {
			isa = XCBuildConfiguration;
			buildSettings = {
				ALWAYS_SEARCH_USER_PATHS = NO;
				CLANG_ANALYZER_NONNULL = YES;
				CLANG_ANALYZER_NUMBER_OBJECT_CONVERSION = YES_AGGRESSIVE;
				CLANG_CXX_LANGUAGE_STANDARD = "gnu++14";
				CLANG_CXX_LIBRARY = "libc++";
				CLANG_ENABLE_MODULES = YES;
				CLANG_ENABLE_OBJC_ARC = YES;
				CLANG_ENABLE_OBJC_WEAK = YES;
				CLANG_WARN_BLOCK_CAPTURE_AUTORELEASING = YES;
				CLANG_WARN_BOOL_CONVERSION = YES;
				CLANG_WARN_COMMA = YES;
				CLANG_WARN_CONSTANT_CONVERSION = YES;
				CLANG_WARN_DEPRECATED_OBJC_IMPLEMENTATIONS = YES;
				CLANG_WARN_DIRECT_OBJC_ISA_USAGE = YES_ERROR;
				CLANG_WARN_DOCUMENTATION_COMMENTS = YES;
				CLANG_WARN_EMPTY_BODY = YES;
				CLANG_WARN_ENUM_CONVERSION = YES;
				CLANG_WARN_INFINITE_RECURSION = YES;
				CLANG_WARN_INT_CONVERSION = YES;
				CLANG_WARN_NON_LITERAL_NULL_CONVERSION = YES;
				CLANG_WARN_OBJC_IMPLICIT_RETAIN_SELF = YES;
				CLANG_WARN_OBJC_LITERAL_CONVERSION = YES;
				CLANG_WARN_OBJC_ROOT_CLASS = YES_ERROR;
				CLANG_WARN_RANGE_LOOP_ANALYSIS = YES;
				CLANG_WARN_STRICT_PROTOTYPES = YES;
				CLANG_WARN_SUSPICIOUS_MOVE = YES;
				CLANG_WARN_UNGUARDED_AVAILABILITY = YES_AGGRESSIVE;
				CLANG_WARN_UNREACHABLE_CODE = YES;
				CLANG_WARN__DUPLICATE_METHOD_MATCH = YES;
				CODE_SIGN_IDENTITY = "iPhone Developer";
				COPY_PHASE_STRIP = NO;
				DEBUG_INFORMATION_FORMAT = "dwarf-with-dsym";
				ENABLE_NS_ASSERTIONS = NO;
				ENABLE_STRICT_OBJC_MSGSEND = YES;
				GCC_C_LANGUAGE_STANDARD = gnu11;
				GCC_NO_COMMON_BLOCKS = YES;
				GCC_WARN_64_TO_32_BIT_CONVERSION = YES;
				GCC_WARN_ABOUT_RETURN_TYPE = YES_ERROR;
				GCC_WARN_UNDECLARED_SELECTOR = YES;
				GCC_WARN_UNINITIALIZED_AUTOS = YES_AGGRESSIVE;
				GCC_WARN_UNUSED_FUNCTION = YES;
				GCC_WARN_UNUSED_VARIABLE = YES;
				IPHONEOS_DEPLOYMENT_TARGET = 11.3;
				MTL_ENABLE_DEBUG_INFO = NO;
				SDKROOT = iphoneos;
				VALIDATE_PRODUCT = YES;
			};
			name = Release;
		};
		CF09A95220F5D680007879BC /* Debug */ = {
			isa = XCBuildConfiguration;
			buildSettings = {
				ASSETCATALOG_COMPILER_APPICON_NAME = AppIcon;
				CODE_SIGN_STYLE = Automatic;
				DEVELOPMENT_TEAM = 78S8WECG83;
				INFOPLIST_FILE = GestureLock/Info.plist;
				IPHONEOS_DEPLOYMENT_TARGET = 10.2;
				LD_RUNPATH_SEARCH_PATHS = (
					"$(inherited)",
					"@executable_path/Frameworks",
				);
				PRODUCT_BUNDLE_IDENTIFIER = ffd.GestureLock;
				PRODUCT_NAME = "$(TARGET_NAME)";
				TARGETED_DEVICE_FAMILY = "1,2";
			};
			name = Debug;
		};
		CF09A95320F5D680007879BC /* Release */ = {
			isa = XCBuildConfiguration;
			buildSettings = {
				ASSETCATALOG_COMPILER_APPICON_NAME = AppIcon;
				CODE_SIGN_STYLE = Automatic;
				DEVELOPMENT_TEAM = 78S8WECG83;
				INFOPLIST_FILE = GestureLock/Info.plist;
				IPHONEOS_DEPLOYMENT_TARGET = 10.2;
				LD_RUNPATH_SEARCH_PATHS = (
					"$(inherited)",
					"@executable_path/Frameworks",
				);
				PRODUCT_BUNDLE_IDENTIFIER = ffd.GestureLock;
				PRODUCT_NAME = "$(TARGET_NAME)";
				TARGETED_DEVICE_FAMILY = "1,2";
			};
			name = Release;
		};
		CF09A95520F5D680007879BC /* Debug */ = {
			isa = XCBuildConfiguration;
			buildSettings = {
				BUNDLE_LOADER = "$(TEST_HOST)";
				CODE_SIGN_STYLE = Automatic;
				INFOPLIST_FILE = GestureLockTests/Info.plist;
				LD_RUNPATH_SEARCH_PATHS = (
					"$(inherited)",
					"@executable_path/Frameworks",
					"@loader_path/Frameworks",
				);
				PRODUCT_BUNDLE_IDENTIFIER = ffd.GestureLockTests;
				PRODUCT_NAME = "$(TARGET_NAME)";
				TARGETED_DEVICE_FAMILY = "1,2";
				TEST_HOST = "$(BUILT_PRODUCTS_DIR)/GestureLock.app/GestureLock";
			};
			name = Debug;
		};
		CF09A95620F5D680007879BC /* Release */ = {
			isa = XCBuildConfiguration;
			buildSettings = {
				BUNDLE_LOADER = "$(TEST_HOST)";
				CODE_SIGN_STYLE = Automatic;
				INFOPLIST_FILE = GestureLockTests/Info.plist;
				LD_RUNPATH_SEARCH_PATHS = (
					"$(inherited)",
					"@executable_path/Frameworks",
					"@loader_path/Frameworks",
				);
				PRODUCT_BUNDLE_IDENTIFIER = ffd.GestureLockTests;
				PRODUCT_NAME = "$(TARGET_NAME)";
				TARGETED_DEVICE_FAMILY = "1,2";
				TEST_HOST = "$(BUILT_PRODUCTS_DIR)/GestureLock.app/GestureLock";
			};
			name = Release;
		};
		CF09A95820F5D680007879BC /* Debug */ = {
			isa = XCBuildConfiguration;
			buildSettings = {
				CODE_SIGN_STYLE = Automatic;
				INFOPLIST_FILE = GestureLockUITests/Info.plist;
				LD_RUNPATH_SEARCH_PATHS = (
					"$(inherited)",
					"@executable_path/Frameworks",
					"@loader_path/Frameworks",
				);
				PRODUCT_BUNDLE_IDENTIFIER = ffd.GestureLockUITests;
				PRODUCT_NAME = "$(TARGET_NAME)";
				TARGETED_DEVICE_FAMILY = "1,2";
				TEST_TARGET_NAME = GestureLock;
			};
			name = Debug;
		};
		CF09A95920F5D680007879BC /* Release */ = {
			isa = XCBuildConfiguration;
			buildSettings = {
				CODE_SIGN_STYLE = Automatic;
				INFOPLIST_FILE = GestureLockUITests/Info.plist;
				LD_RUNPATH_SEARCH_PATHS = (
					"$(inherited)",
					"@executable_path/Frameworks",
					"@loader_path/Frameworks",
				);
				PRODUCT_BUNDLE_IDENTIFIER = ffd.GestureLockUITests;
				PRODUCT_NAME = "$(TARGET_NAME)";
				TARGETED_DEVICE_FAMILY = "1,2";
				TEST_TARGET_NAME = GestureLock;
			};
			name = Release;
		};
/* End XCBuildConfiguration section */

/* Begin XCConfigurationList section */
		CF09A92020F5D67C007879BC /* Build configuration list for PBXProject "GestureLock" */ = {
			isa = XCConfigurationList;
			buildConfigurations = (
				CF09A94F20F5D680007879BC /* Debug */,
				CF09A95020F5D680007879BC /* Release */,
			);
			defaultConfigurationIsVisible = 0;
			defaultConfigurationName = Release;
		};
		CF09A95120F5D680007879BC /* Build configuration list for PBXNativeTarget "GestureLock" */ = {
			isa = XCConfigurationList;
			buildConfigurations = (
				CF09A95220F5D680007879BC /* Debug */,
				CF09A95320F5D680007879BC /* Release */,
			);
			defaultConfigurationIsVisible = 0;
			defaultConfigurationName = Release;
		};
		CF09A95420F5D680007879BC /* Build configuration list for PBXNativeTarget "GestureLockTests" */ = {
			isa = XCConfigurationList;
			buildConfigurations = (
				CF09A95520F5D680007879BC /* Debug */,
				CF09A95620F5D680007879BC /* Release */,
			);
			defaultConfigurationIsVisible = 0;
			defaultConfigurationName = Release;
		};
		CF09A95720F5D680007879BC /* Build configuration list for PBXNativeTarget "GestureLockUITests" */ = {
			isa = XCConfigurationList;
			buildConfigurations = (
				CF09A95820F5D680007879BC /* Debug */,
				CF09A95920F5D680007879BC /* Release */,
			);
			defaultConfigurationIsVisible = 0;
			defaultConfigurationName = Release;
		};
/* End XCConfigurationList section */
	};
	rootObject = CF09A91D20F5D67C007879BC /* Project object */;
}
